# Pinned inputs for the first prototype. Update deliberately and review changes.

OPENORBIS_VERSION=v0.5.4
OPENORBIS_ARCHIVE=toolchain-llvm-18.tar.gz
OPENORBIS_SHA256=3c7cd5bb593ca74fa1c13fd59f3938dc0fc07985167f7275063019e63abe4526

OPENGNM_REPO=https://github.com/PS4-OpenGNM/opengnm.git
OPENGNM_SHA=4b295ca54c82c83acf308d1c646a2dfa9ae57350

OPENGNM_PSBC_REPO=https://github.com/PS4-OpenGNM/opengnm-psbc.git
OPENGNM_PSBC_SHA=a92a1228ea3a64e4be9f0e61c2a65a5aa7ffed92

SPIRV_HEADERS_REPO=https://github.com/KhronosGroup/SPIRV-Headers.git
SPIRV_HEADERS_SHA=86f980c731e62ae4eaf383d320449d71687936bf

VULKAN_HEADERS_REPO=https://github.com/KhronosGroup/Vulkan-Headers.git
VULKAN_HEADERS_SHA=c46850864f4661461b0f6cb9922c058ffea4915e

# Reference-only baseline; bootstrap-deps.sh does not clone or build it.
FREEGNM_EXAMPLES_REPO=https://github.com/PS4-OpenGNM/freegnm-examples.git
FREEGNM_EXAMPLES_SHA=ffd055563e5b849ebef1b276ba29e730199670f8

# Research baseline only; shadPS4 itself is expected to be built separately.
SHADPS4_RESEARCH_SHA=dade3afda7ea3102faad8e39e616556a9cdde90b
